
Microsoft Visual Studio Solution File, Format Version 12.00
# Visual Studio 2012
Project("{FAE04EC0-301F-11D3-BF4B-00C04F79EFBC}") = "DOAn", "GiaoDien\DOAn.csproj", "{ECBCA15E-91DE-452F-9A6F-33B815ABDE44}"
EndProject
Project("{FAE04EC0-301F-11D3-BF4B-00C04F79EFBC}") = "ThietKeContronl", "ThietKeContronl\ThietKeContronl.csproj", "{B356DF3E-8B80-470C-8A1E-509D972936DE}"
EndProject
Global
	GlobalSection(SolutionConfigurationPlatforms) = preSolution
		Debug|Any CPU = Debug|Any CPU
		Release|Any CPU = Release|Any CPU
	EndGlobalSection
	GlobalSection(ProjectConfigurationPlatforms) = postSolution
		{ECBCA15E-91DE-452F-9A6F-33B815ABDE44}.Debug|Any CPU.ActiveCfg = Debug|Any CPU
		{ECBCA15E-91DE-452F-9A6F-33B815ABDE44}.Debug|Any CPU.Build.0 = Debug|Any CPU
		{ECBCA15E-91DE-452F-9A6F-33B815ABDE44}.Release|Any CPU.ActiveCfg = Release|Any CPU
		{ECBCA15E-91DE-452F-9A6F-33B815ABDE44}.Release|Any CPU.Build.0 = Release|Any CPU
		{B356DF3E-8B80-470C-8A1E-509D972936DE}.Debug|Any CPU.ActiveCfg = Debug|Any CPU
		{B356DF3E-8B80-470C-8A1E-509D972936DE}.Debug|Any CPU.Build.0 = Debug|Any CPU
		{B356DF3E-8B80-470C-8A1E-509D972936DE}.Release|Any CPU.ActiveCfg = Release|Any CPU
		{B356DF3E-8B80-470C-8A1E-509D972936DE}.Release|Any CPU.Build.0 = Release|Any CPU
	EndGlobalSection
	GlobalSection(SolutionProperties) = preSolution
		HideSolutionNode = FALSE
	EndGlobalSection
EndGlobal
